
Microsoft Visual Studio Solution File, Format Version 12.00
# Visual Studio Version 16
VisualStudioVersion = 16.0.30717.126
MinimumVisualStudioVersion = 10.0.40219.1
Project("{FAE04EC0-301F-11D3-BF4B-00C04F79EFBC}") = "Rectangle.Impl", "Rectangle.Impl\Rectangle.Impl.csproj", "{73DC8A6C-2C28-4D0B-A8B6-D8DC8F9B9FBC}"
EndProject
Project("{FAE04EC0-301F-11D3-BF4B-00C04F79EFBC}") = "Rectangle.Tests", "Rectangle.Tests\Rectangle.Tests.csproj", "{E879AF04-E74B-47DD-AAC8-1F0213F7F0C8}"
EndProject
Project("{FAE04EC0-301F-11D3-BF4B-00C04F79EFBC}") = "Rectangle.Console", "Rectangle.Console\Rectangle.Console.csproj", "{C987A4CB-6A3F-43C8-9C48-AC9675887B6E}"
EndProject
Global
	GlobalSection(SolutionConfigurationPlatforms) = preSolution
		Debug|Any CPU = Debug|Any CPU
		Release|Any CPU = Release|Any CPU
	EndGlobalSection
	GlobalSection(ProjectConfigurationPlatforms) = postSolution
		{73DC8A6C-2C28-4D0B-A8B6-D8DC8F9B9FBC}.Debug|Any CPU.ActiveCfg = Debug|Any CPU
		{73DC8A6C-2C28-4D0B-A8B6-D8DC8F9B9FBC}.Debug|Any CPU.Build.0 = Debug|Any CPU
		{73DC8A6C-2C28-4D0B-A8B6-D8DC8F9B9FBC}.Release|Any CPU.ActiveCfg = Release|Any CPU
		{73DC8A6C-2C28-4D0B-A8B6-D8DC8F9B9FBC}.Release|Any CPU.Build.0 = Release|Any CPU
		{E879AF04-E74B-47DD-AAC8-1F0213F7F0C8}.Debug|Any CPU.ActiveCfg = Debug|Any CPU
		{E879AF04-E74B-47DD-AAC8-1F0213F7F0C8}.Debug|Any CPU.Build.0 = Debug|Any CPU
		{E879AF04-E74B-47DD-AAC8-1F0213F7F0C8}.Release|Any CPU.ActiveCfg = Release|Any CPU
		{E879AF04-E74B-47DD-AAC8-1F0213F7F0C8}.Release|Any CPU.Build.0 = Release|Any CPU
		{C987A4CB-6A3F-43C8-9C48-AC9675887B6E}.Debug|Any CPU.ActiveCfg = Debug|Any CPU
		{C987A4CB-6A3F-43C8-9C48-AC9675887B6E}.Debug|Any CPU.Build.0 = Debug|Any CPU
		{C987A4CB-6A3F-43C8-9C48-AC9675887B6E}.Release|Any CPU.ActiveCfg = Release|Any CPU
		{C987A4CB-6A3F-43C8-9C48-AC9675887B6E}.Release|Any CPU.Build.0 = Release|Any CPU
	EndGlobalSection
	GlobalSection(SolutionProperties) = preSolution
		HideSolutionNode = FALSE
	EndGlobalSection
	GlobalSection(ExtensibilityGlobals) = postSolution
		SolutionGuid = {D9F9344A-505C-4EDB-8E7D-85C0F1BE1AEB}
	EndGlobalSection
EndGlobal
